<Solution>
  <Project Path="MiniERP.API/MiniERP.API.csproj" />
  <Project Path="MiniERP.Application/MiniERP.Application.csproj" />
  <Project Path="MiniERP.Domain/MiniERP.Domain.csproj" />
  <Project Path="MiniERP.Infrastructure/MiniERP.Infrastructure.csproj" />
  <Project Path="MiniERP.Web/MiniERP.Web.csproj" />
</Solution>
